
Microsoft Visual Studio Solution File, Format Version 12.00
# Visual Studio Version 17
VisualStudioVersion = 17.0.31903.59
MinimumVisualStudioVersion = 10.0.40219.1
Project("{2150E333-8FDC-42A3-9474-1A3956D46DE8}") = "sln", "sln", "{B3F07465-2108-4C43-843A-9F503044FDB7}"
	ProjectSection(SolutionItems) = preProject
		arc-validate.sh = arc-validate.sh
		build.cmd = build.cmd
		build.sh = build.sh
		create-badge.py = create-badge.py
		Dockerfile = Dockerfile
		ErrorClassOntology.obo = ErrorClassOntology.obo
		global.json = global.json
		README.md = README.md
	EndProjectSection
EndProject
Project("{2150E333-8FDC-42A3-9474-1A3956D46DE8}") = "src", "src", "{6275F297-567B-421B-B055-4F88B2785765}"
EndProject
Project("{2150E333-8FDC-42A3-9474-1A3956D46DE8}") = "tests", "tests", "{5C204780-A94B-46A2-B768-B12C7D81DDFC}"
EndProject
Project("{6EC3EE1D-3C4E-46DD-8F32-0CC8E7565705}") = "ValidatorTests", "tests\ValidatorTests.fsproj", "{797794D0-0AA1-4D91-B34A-563EE19E2BED}"
EndProject
Project("{6EC3EE1D-3C4E-46DD-8F32-0CC8E7565705}") = "ArcValidation", "src\ArcValidation\ArcValidation.fsproj", "{0FF2245E-AFDA-4C93-9E38-44CA66C6DEB9}"
EndProject
Project("{6EC3EE1D-3C4E-46DD-8F32-0CC8E7565705}") = "arc-validate", "src\arc-validate\arc-validate.fsproj", "{B46EA5BD-195E-4328-9B71-FE20F54C76F1}"
EndProject
Project("{2150E333-8FDC-42A3-9474-1A3956D46DE8}") = "git", "git", "{42647E99-86CA-411E-B554-9B51EA86AC82}"
	ProjectSection(SolutionItems) = preProject
		.gitignore = .gitignore
	EndProjectSection
EndProject
Project("{2150E333-8FDC-42A3-9474-1A3956D46DE8}") = "build", "build", "{40D49078-F3AE-448F-A730-77063694830D}"
	ProjectSection(SolutionItems) = preProject
		.dockerignore = .dockerignore
		Dockerfile = Dockerfile
		global.json = global.json
	EndProjectSection
EndProject
Project("{6EC3EE1D-3C4E-46DD-8F32-0CC8E7565705}") = "build", "build\build.fsproj", "{59EC6B66-B9F6-4FFD-8538-56426ACFCD6F}"
EndProject
Project("{2150E333-8FDC-42A3-9474-1A3956D46DE8}") = ".ci", ".ci", "{66A8015E-5659-4C7E-9F76-D048E6B5A726}"
	ProjectSection(SolutionItems) = preProject
		.github\workflows\build-and-test.yml = .github\workflows\build-and-test.yml
		.github\workflows\pipeline.yml = .github\workflows\pipeline.yml
	EndProjectSection
EndProject
Project("{2150E333-8FDC-42A3-9474-1A3956D46DE8}") = "playgrounds", "playgrounds", "{7994D526-5B21-4EBD-9CCB-EFA04EE303CF}"
	ProjectSection(SolutionItems) = preProject
		codeGeneratorScripting.fsx = codeGeneratorScripting.fsx
		errorClassesStatic.fsx = errorClassesStatic.fsx
		expectoPlayground.fsx = expectoPlayground.fsx
		graphModelIOTest.fsx = graphModelIOTest.fsx
		graphoscopePlayground.fsx = graphoscopePlayground.fsx
		playground.fsx = playground.fsx
	EndProjectSection
EndProject
Global
	GlobalSection(SolutionConfigurationPlatforms) = preSolution
		Debug|Any CPU = Debug|Any CPU
		Release|Any CPU = Release|Any CPU
	EndGlobalSection
	GlobalSection(ProjectConfigurationPlatforms) = postSolution
		{797794D0-0AA1-4D91-B34A-563EE19E2BED}.Debug|Any CPU.ActiveCfg = Debug|Any CPU
		{797794D0-0AA1-4D91-B34A-563EE19E2BED}.Debug|Any CPU.Build.0 = Debug|Any CPU
		{797794D0-0AA1-4D91-B34A-563EE19E2BED}.Release|Any CPU.ActiveCfg = Release|Any CPU
		{797794D0-0AA1-4D91-B34A-563EE19E2BED}.Release|Any CPU.Build.0 = Release|Any CPU
		{0FF2245E-AFDA-4C93-9E38-44CA66C6DEB9}.Debug|Any CPU.ActiveCfg = Debug|Any CPU
		{0FF2245E-AFDA-4C93-9E38-44CA66C6DEB9}.Debug|Any CPU.Build.0 = Debug|Any CPU
		{0FF2245E-AFDA-4C93-9E38-44CA66C6DEB9}.Release|Any CPU.ActiveCfg = Release|Any CPU
		{0FF2245E-AFDA-4C93-9E38-44CA66C6DEB9}.Release|Any CPU.Build.0 = Release|Any CPU
		{B46EA5BD-195E-4328-9B71-FE20F54C76F1}.Debug|Any CPU.ActiveCfg = Debug|Any CPU
		{B46EA5BD-195E-4328-9B71-FE20F54C76F1}.Debug|Any CPU.Build.0 = Debug|Any CPU
		{B46EA5BD-195E-4328-9B71-FE20F54C76F1}.Release|Any CPU.ActiveCfg = Release|Any CPU
		{B46EA5BD-195E-4328-9B71-FE20F54C76F1}.Release|Any CPU.Build.0 = Release|Any CPU
		{59EC6B66-B9F6-4FFD-8538-56426ACFCD6F}.Debug|Any CPU.ActiveCfg = Debug|Any CPU
		{59EC6B66-B9F6-4FFD-8538-56426ACFCD6F}.Debug|Any CPU.Build.0 = Debug|Any CPU
		{59EC6B66-B9F6-4FFD-8538-56426ACFCD6F}.Release|Any CPU.ActiveCfg = Release|Any CPU
		{59EC6B66-B9F6-4FFD-8538-56426ACFCD6F}.Release|Any CPU.Build.0 = Release|Any CPU
	EndGlobalSection
	GlobalSection(SolutionProperties) = preSolution
		HideSolutionNode = FALSE
	EndGlobalSection
	GlobalSection(NestedProjects) = preSolution
		{797794D0-0AA1-4D91-B34A-563EE19E2BED} = {5C204780-A94B-46A2-B768-B12C7D81DDFC}
		{0FF2245E-AFDA-4C93-9E38-44CA66C6DEB9} = {6275F297-567B-421B-B055-4F88B2785765}
		{B46EA5BD-195E-4328-9B71-FE20F54C76F1} = {6275F297-567B-421B-B055-4F88B2785765}
		{59EC6B66-B9F6-4FFD-8538-56426ACFCD6F} = {40D49078-F3AE-448F-A730-77063694830D}
		{7994D526-5B21-4EBD-9CCB-EFA04EE303CF} = {B3F07465-2108-4C43-843A-9F503044FDB7}
	EndGlobalSection
	GlobalSection(ExtensibilityGlobals) = postSolution
		SolutionGuid = {FF9C2722-38D9-48C4-8095-4726C56E92DE}
	EndGlobalSection
EndGlobal
