version = 1
revision = 3
requires-python = ">=3.12"

[[package]]
name = "arc-validate-portable-tests"
version = "0.0.0"
source = { virtual = "." }
dependencies = [
    { name = "fable-library" },
]

[package.metadata]
requires-dist = [{ name = "fable-library", specifier = "==5.11.0" }]

[[package]]
name = "fable-library"
version = "5.11.0"
source = { registry = "https://pypi.org/simple" }
sdist = { url = "https://files.pythonhosted.org/packages/7a/6f/c31d28010c34bca5f37809ea25b3c310025b5d8d986a58cbfc18e1f0ddac/fable_library-5.11.0.tar.gz", hash = "sha256:e606b61edc61702df517b3fa33cbec5c150b73529be1a7339a6485b65ffb0ba9", size = 237997, upload-time = "2026-07-17T20:09:25.963Z" }
wheels = [
    { url = "https://files.pythonhosted.org/packages/a2/9c/565e753a981b1b857c4409e77c7a59eb5a90ae4391b711a9b5c692ae5b30/fable_library-5.11.0-cp312-cp312-macosx_10_12_x86_64.whl", hash = "sha256:7bc2c2f30255660d91f5051b85761d3ceb083b02d0ed93bbf324c417baeda089", size = 1389377, upload-time = "2026-07-17T20:07:41.351Z" },
    { url = "https://files.pythonhosted.org/packages/0b/a7/f6eeaf0dfaaa7cdf3458a7fc4eee97b4d24603f151136bcf17678e103c86/fable_library-5.11.0-cp312-cp312-macosx_11_0_arm64.whl", hash = "sha256:3a449ac537190b0572c59f979573438c168cd03451c99f88a97079a60d758d88", size = 1298024, upload-time = "2026-07-17T20:07:43.032Z" },
    { url = "https://files.pythonhosted.org/packages/d7/6e/dc585fab132dc3b930249b34adc84e228174ee747940624f9cc125edff11/fable_library-5.11.0-cp312-cp312-manylinux_2_17_aarch64.manylinux2014_aarch64.whl", hash = "sha256:bf3a677f045931113ef056c42f7e12217cb0ea71d67896d1fdf0709fde2ef88e", size = 1345860, upload-time = "2026-07-17T20:07:44.486Z" },
    { url = "https://files.pythonhosted.org/packages/3d/64/86b945b6296c7977ec4ea013174ba942fc3063a182eab0afd92e070b8821/fable_library-5.11.0-cp312-cp312-manylinux_2_17_armv7l.manylinux2014_armv7l.whl", hash = "sha256:3c512db1eec3871e6df7ff820adcf9fbda4bad4b6f1b92fd17fd341ef9a69f90", size = 1329547, upload-time = "2026-07-17T20:07:46.173Z" },
    { url = "https://files.pythonhosted.org/packages/3a/f7/b19a17c0691bd085c186a997dd24f62640068aa30b605bcea1358eea9598/fable_library-5.11.0-cp312-cp312-manylinux_2_17_ppc64le.manylinux2014_ppc64le.whl", hash = "sha256:964050b4f66ccbc21d49cd1620590f9154ad198dd6c77dbe7fd43dc9d3edaad2", size = 1469272, upload-time = "2026-07-17T20:07:47.722Z" },
    { url = "https://files.pythonhosted.org/packages/27/dd/6c0bb96e1954beade3695158ec9a002b3d0110b84844a24941ea6989251b/fable_library-5.11.0-cp312-cp312-manylinux_2_17_s390x.manylinux2014_s390x.whl", hash = "sha256:1b8d42a7022473ada54b18bb5b3a5dab430fd8f4e389038118517b8fe91e7da1", size = 1479372, upload-time = "2026-07-17T20:07:49.43Z" },
    { url = "https://files.pythonhosted.org/packages/7c/1c/7df650831719ab8b3dfa0437871c40bd99ab103f07811174fc66047be901/fable_library-5.11.0-cp312-cp312-manylinux_2_17_x86_64.manylinux2014_x86_64.whl", hash = "sha256:9f051a0fd845fa048d8f2e4ae2bcb78303c476b937badcafde57be86a0f9a41a", size = 1417309, upload-time = "2026-07-17T20:07:50.741Z" },
    { url = "https://files.pythonhosted.org/packages/1e/a0/55ce069914bd0423a92c6b18202ee33df91425625d8db2b442a20597c553/fable_library-5.11.0-cp312-cp312-manylinux_2_5_i686.manylinux1_i686.whl", hash = "sha256:5d6aca7de31b2965f25d9928ee3c9c2d187612ae6c4f2273ee4a48f3522f7acc", size = 1448255, upload-time = "2026-07-17T20:07:52.263Z" },
    { url = "https://files.pythonhosted.org/packages/bf/99/36f6c54db780f728e7c70ad55cc68eb88cd9820ff6ea5f65f53da470c2f3/fable_library-5.11.0-cp312-cp312-musllinux_1_2_aarch64.whl", hash = "sha256:5a6a8e51fee1f29f225a91fa5c74fa20085ecc83db5893245bd66f6f3026b91f", size = 1523086, upload-time = "2026-07-17T20:07:53.759Z" },
    { url = "https://files.pythonhosted.org/packages/55/1d/d80d0fb219b0194113fe4e46ae20462b493c976543d372d95b218b0b6b05/fable_library-5.11.0-cp312-cp312-musllinux_1_2_armv7l.whl", hash = "sha256:d9e2a7437f56594abfeb001c53572c4e781473169c5f402eb02deb183ac97516", size = 1605708, upload-time = "2026-07-17T20:07:55.135Z" },
    { url = "https://files.pythonhosted.org/packages/d5/4b/58e6843866050b45ad660030e49d0fd2af6d6d470b6878730bbebbfddf82/fable_library-5.11.0-cp312-cp312-musllinux_1_2_i686.whl", hash = "sha256:7615422c2aea30a5c678a9cd850adf349771c715e2959201a5e4969e605b8df4", size = 1630035, upload-time = "2026-07-17T20:07:56.828Z" },
    { url = "https://files.pythonhosted.org/packages/c6/8f/62fc99d6c9dea9609954bbfd987da71639d25812ab10d6d7dd0062c8a1ab/fable_library-5.11.0-cp312-cp312-musllinux_1_2_x86_64.whl", hash = "sha256:f6041a74c6112d86c99c7f88d1dbd00c816637c7557d5a3c3e8089e604db7888", size = 1646597, upload-time = "2026-07-17T20:07:58.6Z" },
    { url = "https://files.pythonhosted.org/packages/14/a7/8b1d2cb74cfee5c041f6fcb4c338ea366825ad96c3e2f04a87e8508adacd/fable_library-5.11.0-cp312-cp312-win_amd64.whl", hash = "sha256:51dfee3e37a5c6356087c33c46366b0e4b686777fd375de4bdf3b837ede9338e", size = 1402008, upload-time = "2026-07-17T20:08:00.257Z" },
    { url = "https://files.pythonhosted.org/packages/fd/b1/60affdc93214041a80f60f0f4bce414cb3670127f63f5a97aa64043f7294/fable_library-5.11.0-cp313-cp313-macosx_10_12_x86_64.whl", hash = "sha256:e87671e490577151edcc92e0d4dd3d112d7df05b121ad2e027b252db42fe27b9", size = 1390045, upload-time = "2026-07-17T20:08:01.637Z" },
    { url = "https://files.pythonhosted.org/packages/c8/4b/13cf51215a99585430da880f32953adc90a73bf72546654954b17010b946/fable_library-5.11.0-cp313-cp313-macosx_11_0_arm64.whl", hash = "sha256:5388eef6b60b7235b06dede9e75ff5ba077b96af3bd20a132a6b58530e73bbda", size = 1298687, upload-time = "2026-07-17T20:08:03.219Z" },
    { url = "https://files.pythonhosted.org/packages/96/4d/5b23c2fea32092908f047751a962919c8a390925933e55215eac63e1c06a/fable_library-5.11.0-cp313-cp313-manylinux_2_17_aarch64.manylinux2014_aarch64.whl", hash = "sha256:9e3bcd1dbd4220992983b1a801698935d3dc2d2376bce13a913503fb9b9a688c", size = 1346295, upload-time = "2026-07-17T20:08:05.212Z" },
    { url = "https://files.pythonhosted.org/packages/01/3e/fde6b50bab986795e2dcfd1ec2ae5890e8dd67ed1c4544257d839dcd37d8/fable_library-5.11.0-cp313-cp313-manylinux_2_17_armv7l.manylinux2014_armv7l.whl", hash = "sha256:ea9078a7d5b7661e92696f6b1ca127376227f811f5512b67206a1ad5425b177c", size = 1330824, upload-time = "2026-07-17T20:08:07.236Z" },
    { url = "https://files.pythonhosted.org/packages/b6/9e/f2323f7e834b456d5716bcc2f90b4f29e6fc7a694033452efad602186491/fable_library-5.11.0-cp313-cp313-manylinux_2_17_ppc64le.manylinux2014_ppc64le.whl", hash = "sha256:9fc0c740f13736b84d12e4affa6bb679d7531d687f355984d14e4d4b65a75c1f", size = 1469573, upload-time = "2026-07-17T20:08:09.064Z" },
    { url = "https://files.pythonhosted.org/packages/bd/f5/3da3138c92f3e48128464ece2b6d17e5a2b8ded4393e211092d887d182fb/fable_library-5.11.0-cp313-cp313-manylinux_2_17_s390x.manylinux2014_s390x.whl", hash = "sha256:00f44c9c2c01e945e7ad3481998835d573560e79c626478e33fab23cf28c0ecd", size = 1479739, upload-time = "2026-07-17T20:08:10.908Z" },
    { url = "https://files.pythonhosted.org/packages/6a/9c/f237c62479b0574d474b80058b80239674f565f31f6dae6bcdb8c1bcd4ee/fable_library-5.11.0-cp313-cp313-manylinux_2_17_x86_64.manylinux2014_x86_64.whl", hash = "sha256:4a513c5b227997c94f04223303d3c14955d50f1868bd4f373cffe6108e35c400", size = 1417842, upload-time = "2026-07-17T20:08:12.347Z" },
    { url = "https://files.pythonhosted.org/packages/a6/69/cb4d0063c745d925a2bd264a26adc91d838fb4ca254b508b5e21311932cd/fable_library-5.11.0-cp313-cp313-manylinux_2_5_i686.manylinux1_i686.whl", hash = "sha256:62192f8b75492bc83f37bb2a3dd2c24646618506bd2392b2043be9d9743978a6", size = 1448596, upload-time = "2026-07-17T20:08:13.829Z" },
    { url = "https://files.pythonhosted.org/packages/a6/de/3ce36640cfcef6d2db0523b96e484f952c32f7e54e0003ff21f6cbec82ef/fable_library-5.11.0-cp313-cp313-musllinux_1_2_aarch64.whl", hash = "sha256:0a7802599c4e91ca52e925c440aee42a052d393a4c06853bca5a2a68db54f98e", size = 1523101, upload-time = "2026-07-17T20:08:15.384Z" },
    { url = "https://files.pythonhosted.org/packages/5c/e8/69ddc6246e022e6e5eec568e7ca4a4eee16b6b2e85b1937d1a68c72b1298/fable_library-5.11.0-cp313-cp313-musllinux_1_2_armv7l.whl", hash = "sha256:32d4f0817d8fd51af57b571676e8201203e8ac6d0ff35f1faa8c1309182505c2", size = 1606947, upload-time = "2026-07-17T20:08:17.337Z" },
    { url = "https://files.pythonhosted.org/packages/39/ec/a6cf7bf9a86b269515dcffae5c551cdd03a67b1beff7cd27e70d0fbd3d7e/fable_library-5.11.0-cp313-cp313-musllinux_1_2_i686.whl", hash = "sha256:5c1abbef243072e633131001e42db609ffdd631654cda5be8e0a3734995a12e0", size = 1630173, upload-time = "2026-07-17T20:08:18.826Z" },
    { url = "https://files.pythonhosted.org/packages/0a/ff/ac6f1b33ec565f3c40596368dfef255ff99484e02b7c375eb0d02acd0987/fable_library-5.11.0-cp313-cp313-musllinux_1_2_x86_64.whl", hash = "sha256:d5b4a3a2410274ce83e2d5a61746c86d2ac8ec1e8ae58336e03761f67833dd38", size = 1647213, upload-time = "2026-07-17T20:08:20.461Z" },
    { url = "https://files.pythonhosted.org/packages/bc/00/d64f6b8bdf967df4724a9a68f1af0626e1bdae2d0dacffaf51509875338c/fable_library-5.11.0-cp313-cp313-win_amd64.whl", hash = "sha256:b73b519984a774f7f7309c1f0b65b24b98d919afdbf010b276086021319cdc5d", size = 1403529, upload-time = "2026-07-17T20:08:21.874Z" },
    { url = "https://files.pythonhosted.org/packages/6a/da/25f0bc203a193bccb8303d594a590e747afc9d7b7739e6bdd695faa583be/fable_library-5.11.0-cp314-cp314-macosx_10_12_x86_64.whl", hash = "sha256:e08642486261aec439d438928689722b64cbac37c02c6e7d0324312efd268fe1", size = 1390765, upload-time = "2026-07-17T20:08:23.36Z" },
    { url = "https://files.pythonhosted.org/packages/16/45/a9d8895aa26c9ffdba56f76ea040b0b00c4e66d8d9640f09de0e5c092fac/fable_library-5.11.0-cp314-cp314-macosx_11_0_arm64.whl", hash = "sha256:be71419c24a9e3abfbed13fb8f1b98b0c259f8d01787d1d6c1a7846d8978c47d", size = 1297359, upload-time = "2026-07-17T20:08:24.985Z" },
    { url = "https://files.pythonhosted.org/packages/52/35/debdf9bd60788c7befb380cf59053e1c8d680debf63f420ba8bdfd42ef6d/fable_library-5.11.0-cp314-cp314-manylinux_2_17_aarch64.manylinux2014_aarch64.whl", hash = "sha256:6ff87c4506e184f5b423b9f3dc797fc022a0e21afe916303715604beac2ab48e", size = 1345512, upload-time = "2026-07-17T20:08:26.637Z" },
    { url = "https://files.pythonhosted.org/packages/6a/f6/601f0b30840efdd52fcce84f9d52f185e6221e7d0897dd40fa050dae0440/fable_library-5.11.0-cp314-cp314-manylinux_2_17_armv7l.manylinux2014_armv7l.whl", hash = "sha256:2b9c1bf79cb3194bb38b01d5ad6d2203d097a3ee40b7355605048fc1ce86b0c2", size = 1331675, upload-time = "2026-07-17T20:08:28.269Z" },
    { url = "https://files.pythonhosted.org/packages/c5/e1/9a3648e3a376f48611b6d967014cfab3e3c0a0dae10bb4e691d813df4d43/fable_library-5.11.0-cp314-cp314-manylinux_2_17_ppc64le.manylinux2014_ppc64le.whl", hash = "sha256:e31b9590a88a59842f578468e41982f037c75ad02d9387c28d3abd0735429ef1", size = 1470052, upload-time = "2026-07-17T20:08:30.224Z" },
    { url = "https://files.pythonhosted.org/packages/36/61/97f89af548bdf96dd7f593c7a022d57e93db4a387deb880a55b3ee1b6258/fable_library-5.11.0-cp314-cp314-manylinux_2_17_s390x.manylinux2014_s390x.whl", hash = "sha256:c864f07810e9c9a9d36af08ccf838cf19ccbc8d6912fef0ffcb131608669c5de", size = 1480166, upload-time = "2026-07-17T20:08:32.028Z" },
    { url = "https://files.pythonhosted.org/packages/db/b6/8759fc0f95d1dd822ffa3d56b7ce4a39b2d28f8acc5738877bb7a14d21fa/fable_library-5.11.0-cp314-cp314-manylinux_2_17_x86_64.manylinux2014_x86_64.whl", hash = "sha256:8a4a5545aef2af58ce9f0fbe0f2138e7052f17abe08260beec5014c0129eaebe", size = 1418013, upload-time = "2026-07-17T20:08:33.551Z" },
    { url = "https://files.pythonhosted.org/packages/2c/de/098b4eb3bb5e8e0d232d5a1a548d0bd59287c6bbad70acfc9f943f3ca096/fable_library-5.11.0-cp314-cp314-manylinux_2_5_i686.manylinux1_i686.whl", hash = "sha256:45230b6fd37976eb8b9c81b2dfb9f7112ca8a6e7a64dabe904083246c3d8edd4", size = 1449339, upload-time = "2026-07-17T20:08:35.192Z" },
    { url = "https://files.pythonhosted.org/packages/dd/0d/4cc42b811e26054a78265647ba75e650d5da352a25778b9de0c24ac901a2/fable_library-5.11.0-cp314-cp314-musllinux_1_2_aarch64.whl", hash = "sha256:ee2e38f5ae013ad405c37c8c815e8e056e44f0a8d4f00bef7b1d1ce429c1e5d9", size = 1522725, upload-time = "2026-07-17T20:08:36.914Z" },
    { url = "https://files.pythonhosted.org/packages/f4/9e/b6d5bf90ab8c8fca5a502be5d46490af360c3c8aba38337550a7288ea8da/fable_library-5.11.0-cp314-cp314-musllinux_1_2_armv7l.whl", hash = "sha256:5f0a9a0b0eb216cbe6bfc63fc2ec9b4fa772f08dbe10c1859e9fe5e4b222bc86", size = 1608631, upload-time = "2026-07-17T20:08:38.457Z" },
    { url = "https://files.pythonhosted.org/packages/25/c6/7e46b01a85c198a9ffdd5aed0f41a31fae789daeb232e8d92a0c30c622ae/fable_library-5.11.0-cp314-cp314-musllinux_1_2_i686.whl", hash = "sha256:d2fd9272a4652e7cb65e72337ab58af58750ca49078e3c2dcabbb0cd200b0404", size = 1630454, upload-time = "2026-07-17T20:08:40.326Z" },
    { url = "https://files.pythonhosted.org/packages/50/21/44419a384b12124d6cd74db94ef211dd88c681616efec80fd720352ad7a9/fable_library-5.11.0-cp314-cp314-musllinux_1_2_x86_64.whl", hash = "sha256:2fbf82c1e0dda67841f07a4ed882d21ddb85f51070e410c11829e2be17558f9c", size = 1647344, upload-time = "2026-07-17T20:08:41.814Z" },
    { url = "https://files.pythonhosted.org/packages/2c/7a/be98f922081bd64cab07539b524e4bdfb58f73d99046fda458071606a9b8/fable_library-5.11.0-cp314-cp314-win32.whl", hash = "sha256:63c7b25e3dc184fc06fe7da662fe4427c6f1eaff8ec5e598dce06e37c474d680", size = 1250980, upload-time = "2026-07-17T20:08:43.512Z" },
    { url = "https://files.pythonhosted.org/packages/83/b6/abd45e522a0bd6ce4e74e0b56359d70a104e14e16e88280763983e0ea930/fable_library-5.11.0-cp314-cp314-win_amd64.whl", hash = "sha256:aff730755c2beee9fd8f4972e53d053f49c49823be0518d0b354a6e7fcaa73de", size = 1402921, upload-time = "2026-07-17T20:08:45.049Z" },
    { url = "https://files.pythonhosted.org/packages/14/da/133cae21f0b94745863e14a3b37c976a26788ae4e8b2005e06d13ddb7f9b/fable_library-5.11.0-cp314-cp314t-manylinux_2_17_aarch64.manylinux2014_aarch64.whl", hash = "sha256:01ad254cbf8c0932866033ae280da7cfdb50cde2a605c64e24e18351209849b7", size = 1351314, upload-time = "2026-07-17T20:08:46.514Z" },
    { url = "https://files.pythonhosted.org/packages/93/76/382112bdd9c733ef93974c4062d05c85957101185e707681edce3d79754b/fable_library-5.11.0-cp314-cp314t-manylinux_2_17_armv7l.manylinux2014_armv7l.whl", hash = "sha256:84aa020e8af669ce378649d0c655a0b23ff4a02213eaa22326e0967bd024a751", size = 1330433, upload-time = "2026-07-17T20:08:48.171Z" },
    { url = "https://files.pythonhosted.org/packages/79/90/b14f275dba5054cd3d8f3afb7be35bf1486433ec55bd58811ff45a1cc5e0/fable_library-5.11.0-cp314-cp314t-manylinux_2_17_ppc64le.manylinux2014_ppc64le.whl", hash = "sha256:20dbf41d72f3d27aea6277e52f8c46d3c9f2e1af436119f328fbeea6b3b3680d", size = 1477719, upload-time = "2026-07-17T20:08:49.701Z" },
    { url = "https://files.pythonhosted.org/packages/af/c1/4d5db31b06ddcc904f1f18c5ac29a586d68da2c8b20434f52284ded78673/fable_library-5.11.0-cp314-cp314t-manylinux_2_17_s390x.manylinux2014_s390x.whl", hash = "sha256:cf04f0627debf7d7fc07b46415ea6dc397540e97a3e250a0c314461d547dcee1", size = 1490299, upload-time = "2026-07-17T20:08:51.36Z" },
    { url = "https://files.pythonhosted.org/packages/91/b6/68e0b4a2019766d866a2353fad99795918cbeadd97463dd09601bdde1e37/fable_library-5.11.0-cp314-cp314t-manylinux_2_17_x86_64.manylinux2014_x86_64.whl", hash = "sha256:183460ab0cdf40c69711d1941d865d731ac90495cab38ac62ce130f35f6ed422", size = 1428548, upload-time = "2026-07-17T20:08:52.836Z" },
    { url = "https://files.pythonhosted.org/packages/98/48/74ae791f9be7691e6383cd9bf2be986b00576c6638bf4c8c948ab8c29647/fable_library-5.11.0-cp314-cp314t-manylinux_2_5_i686.manylinux1_i686.whl", hash = "sha256:ddff166a3c783d4cf9f471c3d605c7953fc319672bb0c7aeecce494298e2517d", size = 1453456, upload-time = "2026-07-17T20:08:54.382Z" },
    { url = "https://files.pythonhosted.org/packages/29/af/a62cac1f0dea8d9c8d873269191ad81b5ac0b915e2b411046f522be2e0f7/fable_library-5.11.0-cp314-cp314t-musllinux_1_2_aarch64.whl", hash = "sha256:38c041a295772df7086752c6b22e3f380d96d916d791f2af5baa83c96ec4302d", size = 1528868, upload-time = "2026-07-17T20:08:55.847Z" },
    { url = "https://files.pythonhosted.org/packages/8c/76/71b0b86c458c689776002ea8d915dccfa78bd2d50a2940e7cd060d2fed7c/fable_library-5.11.0-cp314-cp314t-musllinux_1_2_armv7l.whl", hash = "sha256:749bc63280aac5c69d6c805caab68829d4bde8fcb2bcf862652b0dc1eab3d619", size = 1606979, upload-time = "2026-07-17T20:08:57.373Z" },
    { url = "https://files.pythonhosted.org/packages/e1/90/aae510ce747a23cca574fb7feb119c12141576311edd7c5c9b399c1a3194/fable_library-5.11.0-cp314-cp314t-musllinux_1_2_i686.whl", hash = "sha256:c2f093f21b933d2199ed3adc4210a7e11c5d7455a3dcd817bc83aec09a80a9bd", size = 1639917, upload-time = "2026-07-17T20:08:58.892Z" },
    { url = "https://files.pythonhosted.org/packages/0e/c0/63f28cf56ca3a534d2e36dcc73d8ec28fcbc0a9627446e4c6e11cc4700b2/fable_library-5.11.0-cp314-cp314t-musllinux_1_2_x86_64.whl", hash = "sha256:a8f4327bb5a074e9310564263c4d1dbed15e5ca4183c908e364d448f6f779a31", size = 1657688, upload-time = "2026-07-17T20:09:01.292Z" },
    { url = "https://files.pythonhosted.org/packages/89/8a/dff6bb1502f3810cfe1aaed9e40cb64663b43422ae3d752fb8d75c6b3778/fable_library-5.11.0-cp315-cp315-manylinux_2_17_x86_64.manylinux2014_x86_64.whl", hash = "sha256:84e039b43b55252436bb440add249c2d758d577b2a6269b10051d37b421c9fd8", size = 1417902, upload-time = "2026-07-17T20:09:02.873Z" },
    { url = "https://files.pythonhosted.org/packages/94/ed/748e0599200584013e71d017895986c7401df17cf1b93fb13d6920539634/fable_library-5.11.0-cp315-cp315-manylinux_2_5_i686.manylinux1_i686.whl", hash = "sha256:70533ce6eca1d24f64abaa07d1fe9a3be47ae44e492b06d7eae64e58182d2f5f", size = 1449442, upload-time = "2026-07-17T20:09:04.367Z" },
    { url = "https://files.pythonhosted.org/packages/26/ac/df23b90bd61bb6a9c0ba5963ad164dcc08790dc9fd1e38f2ceb44c332fae/fable_library-5.11.0-cp315-cp315t-manylinux_2_17_x86_64.manylinux2014_x86_64.whl", hash = "sha256:888bb8a3e7bf38b0f827d1374b5251a59241e26193aa7ea10936c40fb3cc1c03", size = 1428380, upload-time = "2026-07-17T20:09:05.918Z" },
    { url = "https://files.pythonhosted.org/packages/1b/0a/463e6144c446a6393ecabc0f95580c846fb16ed0010938f8c1435e0a7b3f/fable_library-5.11.0-cp315-cp315t-manylinux_2_5_i686.manylinux1_i686.whl", hash = "sha256:f4e08ae2252b70a2731f283ba8d818c436132b6360157e0aac3614c53192dc1a", size = 1453426, upload-time = "2026-07-17T20:09:07.484Z" },
]
