{
  "version": 1,
  "dependencies": {
    "net6.0": {
      "Argu": {
        "type": "Direct",
        "requested": "[6.1.1, 6.1.1]",
        "resolved": "6.1.1",
        "contentHash": "5SBLYihaZ6/YNpRU+0v0QLsCk7ABmOWNOUwkXVUql2w7kJ6Hi4AFhgIv5XLTtxTid5/xrJAL+PglQkNcjANCJg==",
        "dependencies": {
          "FSharp.Core": "4.3.2",
          "System.Configuration.ConfigurationManager": "4.4.0"
        }
      },
      "Expecto": {
        "type": "Direct",
        "requested": "[9.0.4, 9.0.4]",
        "resolved": "9.0.4",
        "contentHash": "n/4a8T3FKDmm7DY97yJD+Tr7T8IOAQLfGjySChwATUo3HIr0Ah1zXXOvpLXrkCi7crPN4O2QmeDDelc7/dUzJw==",
        "dependencies": {
          "FSharp.Core": "4.6.0",
          "Mono.Cecil": "0.11.3"
        }
      },
      "FSharp.Core": {
        "type": "Direct",
        "requested": "[6.0.7, )",
        "resolved": "6.0.7",
        "contentHash": "e6wGrq5smV3Yk2fBE/Y0nBG5oFyF59k5Je0a0QDydUpg6liyaafGjD3xvutciKepCP2knspZ/sWViC/F1OyyQQ=="
      },
      "Aether": {
        "type": "Transitive",
        "resolved": "8.3.1",
        "contentHash": "GKedgXPkm3nUO+Zbj9suNFQ/wCjw30ixUTgnrPvj0oJ9WiAyy1kDacJTHgTPTjyD1RILuDEPTPwsKGWlSpWLOw==",
        "dependencies": {
          "FSharp.Core": "4.3.4"
        }
      },
      "ArcGraphModel": {
        "type": "Transitive",
        "resolved": "0.1.0-preview.3",
        "contentHash": "r4ft9uWOHCm5Ri3i2EJNeCb4z1zmFDSK1PP2ea7vhxqrLtic3fQW4c5VzB2uAZnrlsoU6j0fQyxYwzJHIc7+LA==",
        "dependencies": {
          "FSharp.Core": "[6.0.7]",
          "FSharp.FGL.ArrayAdjacencyGraph": "0.0.2",
          "FSharpAux.Core": "[2.0.0]",
          "FsSpreadsheet": "1.3.0-preview"
        }
      },
      "ArcGraphModel.IO": {
        "type": "Transitive",
        "resolved": "0.1.0-preview.3",
        "contentHash": "XQ400UM0k2jO4VkrES0M+nsLju01ZCbilHjF7zTPkdZs4CozVYw062NcUEs9Xw7GwLLYCbPS275TJwoVIcqXaA==",
        "dependencies": {
          "ArcGraphModel": "0.1.0-preview.3",
          "FSharp.Core": "[6.0.7]"
        }
      },
      "ARCTokenization": {
        "type": "Transitive",
        "resolved": "1.0.2",
        "contentHash": "/UySI1eIX8AFt+ZYvh7qCneefNxVxdPMyvtzQxMAn++D/o/LbusL3D+yFpYp+wBGzXG2CXyWKHYj4b6cjqYNBA==",
        "dependencies": {
          "ControlledVocabulary": "[1.0.0, 2.0.0)",
          "FSharp.Core": "6.0.7",
          "FSharpAux.Core": "[2.0.0]",
          "FsOboParser": "[0.1.0]",
          "FsSpreadsheet": "[4.1.0]",
          "FsSpreadsheet.ExcelIO": "[4.1.0]"
        }
      },
      "ControlledVocabulary": {
        "type": "Transitive",
        "resolved": "1.0.0",
        "contentHash": "tRyXV68MFItDRAiXdnS26V406zAao/GXRRktEO94pdBWArmdlfB+CvdVBGC1v5rv9OGCxg7fteHqyJSTK6Th3A==",
        "dependencies": {
          "FSharp.Core": "6.0.7",
          "FSharpAux.Core": "[2.0.0]"
        }
      },
      "DocumentFormat.OpenXml": {
        "type": "Transitive",
        "resolved": "2.12.3",
        "contentHash": "qLww6khV25dTzGU3+9rG5vB6RbMoWuNA015151ZmazoepkvxW6/4a5u4QQASoXsZsBITsw5ZO0/Xpzm31tQ43g==",
        "dependencies": {
          "System.IO.Packaging": "4.7.0"
        }
      },
      "FSharp.Data": {
        "type": "Transitive",
        "resolved": "6.2.0",
        "contentHash": "VKdkVWWhxvCdSXFcDJzpUnp0f+EbkAqSEdL2C2h5/r/SgLQYk4IGbht6Uo34LfKtOg/vLG+6atFwRjqLVzXybg==",
        "dependencies": {
          "FSharp.Core": "5.0.1",
          "FSharp.Data.Csv.Core": "6.2.0",
          "FSharp.Data.Html.Core": "6.2.0",
          "FSharp.Data.Http": "6.2.0",
          "FSharp.Data.Json.Core": "6.2.0",
          "FSharp.Data.Runtime.Utilities": "6.2.0",
          "FSharp.Data.WorldBank.Core": "6.2.0",
          "FSharp.Data.Xml.Core": "6.2.0"
        }
      },
      "FSharp.Data.Csv.Core": {
        "type": "Transitive",
        "resolved": "6.2.0",
        "contentHash": "I4xl9ffi+yhhhWloyzPYND+fBOeTn8T+FGZbIwxNAo/1iyaSvhSvvJuoI4gj3NJ42YVWVpUpQ4R4xs8wYM4sTQ==",
        "dependencies": {
          "FSharp.Core": "5.0.1",
          "FSharp.Data.Runtime.Utilities": "6.2.0"
        }
      },
      "FSharp.Data.Html.Core": {
        "type": "Transitive",
        "resolved": "6.2.0",
        "contentHash": "jQ7749wBt5Vu2K9uCK8Gf5WuaNeEo61jXVEd7ShGE5FA6ImepzB64S1t0FosSI63dU05QVCs0/zRzbKhl5QWLQ==",
        "dependencies": {
          "FSharp.Core": "5.0.1",
          "FSharp.Data.Csv.Core": "6.2.0",
          "FSharp.Data.Runtime.Utilities": "6.2.0"
        }
      },
      "FSharp.Data.Http": {
        "type": "Transitive",
        "resolved": "6.2.0",
        "contentHash": "q2gQbsYz1KeMT6JnUznPaKAjAJKsWioIib9bl2b0Xk5ICO3triIS95valXak/CPbVeX4OOcPLGrrRf+5HhLBXA==",
        "dependencies": {
          "FSharp.Core": "5.0.1"
        }
      },
      "FSharp.Data.Json.Core": {
        "type": "Transitive",
        "resolved": "6.2.0",
        "contentHash": "3O9zwQtAgfmlkI7ONgjOTJ4au/TSxrSvI9/4uccjS/XJTAERKMPsyahYbdmUIFnE2nCtLc2G1mL8L9kRO1Wuuw==",
        "dependencies": {
          "FSharp.Core": "5.0.1",
          "FSharp.Data.Http": "6.2.0",
          "FSharp.Data.Runtime.Utilities": "6.2.0"
        }
      },
      "FSharp.Data.Runtime.Utilities": {
        "type": "Transitive",
        "resolved": "6.2.0",
        "contentHash": "DlsZK7HgOd6PxB0COs+QrNWAq4odYENUUTCUn7a9WSpK1ErRIF12FmsBtBlcU2DMDWxp5fbuGxmCVfEeynAgWw==",
        "dependencies": {
          "FSharp.Core": "5.0.1",
          "FSharp.Data.Http": "6.2.0"
        }
      },
      "FSharp.Data.WorldBank.Core": {
        "type": "Transitive",
        "resolved": "6.2.0",
        "contentHash": "smzGuL/jMRWMxrv5p2KLJC7+c7ILqo+mJsQtifFw4XKFmeRMbVnh2ycY+Eis7QdghqCMhNWm6LDkphdqj7oHzg==",
        "dependencies": {
          "FSharp.Core": "5.0.1",
          "FSharp.Data.Http": "6.2.0",
          "FSharp.Data.Json.Core": "6.2.0",
          "FSharp.Data.Runtime.Utilities": "6.2.0"
        }
      },
      "FSharp.Data.Xml.Core": {
        "type": "Transitive",
        "resolved": "6.2.0",
        "contentHash": "iVRMoKkcdk2fXpUJGUvZQTQYmuhuM7nAjL48ZHjLCWL8W0NFUxQEVlVwbEKltS46SUF5bE8dkVeeaW5bgfw9BA==",
        "dependencies": {
          "FSharp.Core": "5.0.1",
          "FSharp.Data.Http": "6.2.0",
          "FSharp.Data.Json.Core": "6.2.0",
          "FSharp.Data.Runtime.Utilities": "6.2.0"
        }
      },
      "FSharp.FGL": {
        "type": "Transitive",
        "resolved": "0.0.2",
        "contentHash": "6tOOMs0Rm4bPIVPZ5eE3x2aQ299heMv3LCJBFGca0mb7JOPN5IeBRvcdVpHokQ1ag9ndCuFC98nOUQqu2DquEw==",
        "dependencies": {
          "Aether": "8.3.1",
          "FSharp.Core": "5.0.0"
        }
      },
      "FSharp.FGL.ArrayAdjacencyGraph": {
        "type": "Transitive",
        "resolved": "0.0.2",
        "contentHash": "L7JmdDkb375CcOVdAW5HFDpuj0ZQFuzVNhHOp/eJhH3xPWGJ5skeTLm8P0XWyxTjpCCAtoW2B0oScU+QtCgxSw==",
        "dependencies": {
          "FSharp.Core": "5.0.0",
          "FSharp.FGL": "0.0.2"
        }
      },
      "FSharp.SystemTextJson": {
        "type": "Transitive",
        "resolved": "0.19.13",
        "contentHash": "q6KzrtNR2d8w9UzMyII3w6Kz91i9gomhUPRqSxm9nzezd26uiAowDnv4J+QVhGPDkJ7oGW4bpbbWTYEZ/OF+Kw==",
        "dependencies": {
          "FSharp.Core": "4.7.0",
          "System.Text.Json": "6.0.0"
        }
      },
      "FSharpAux": {
        "type": "Transitive",
        "resolved": "1.1.0",
        "contentHash": "lKxo49OYLoI27GVLXJ2sOBGazfUVZ9zowLLPUn6mHYrepaMgEdxxeZpLcQwFIfzicSoi3i09IH114GSIXy/Dgg==",
        "dependencies": {
          "FSharp.Core": "6.0.1"
        }
      },
      "FSharpAux.Core": {
        "type": "Transitive",
        "resolved": "2.0.0",
        "contentHash": "ltsM7H9SsfnvjcWXm5TcoyBysatHpwR8krCfyXdWriMT0DBxZxji3bhxNOcm4HeQXD4slL2TrJgULXyiCtJBRQ==",
        "dependencies": {
          "FSharp.Core": "6.0.7"
        }
      },
      "FSharpSpreadsheetML": {
        "type": "Transitive",
        "resolved": "0.0.8",
        "contentHash": "oMWXd9CHtEiZA2Ei3Fn/FLqEue6X/GCuFLZccn1LQazYvNUPO9DHJDXEPPYmyFIZQs+JKoAxng2QzusC33H3iw==",
        "dependencies": {
          "DocumentFormat.OpenXml": "2.12.3",
          "FSharp.Core": "5.0.1"
        }
      },
      "FSharpx.Collections": {
        "type": "Transitive",
        "resolved": "3.1.0",
        "contentHash": "VKK+/6zD4GoAYam1MLNd5NQTL+sG9i69MkCy7f67PUhGTuoXFVNgym1mcxKvD0Kt3Cbua3aoKlNP3G5WwT9mYw==",
        "dependencies": {
          "FSharp.Core": "4.3.4"
        }
      },
      "FsHttp": {
        "type": "Transitive",
        "resolved": "9.1.2",
        "contentHash": "k90qKVJDT2OXbPa5cgWOhQNGyZafNZikOdlOU0OOYufCczm6OKg7ZPJ+UUCXG9jW1HV69DPLQNguwyLS35WH2w==",
        "dependencies": {
          "FSharp.Core": "5.0.0"
        }
      },
      "FsOboParser": {
        "type": "Transitive",
        "resolved": "0.3.0",
        "contentHash": "vLXAWcQVwRTVZN0pBwujorxPRt3UTl3OFyBOR2a2SGEiyUPkzV2kdc1QbXynR4FxwmQyf0F1VxR0auS9qSxL3A==",
        "dependencies": {
          "FSharp.Core": "6.0.7",
          "ISADotNet": "0.6.1"
        }
      },
      "FsSpreadsheet": {
        "type": "Transitive",
        "resolved": "1.3.0-preview",
        "contentHash": "DjLwdkucZduA8fKfdc8oUJbjYlLuK+JCukkKWWAJpvTCeCFkCUPsYGxYIVJ5/K1vmfGyG62moV8y9vEGTRn2BQ==",
        "dependencies": {
          "FSharp.Core": "6.0.7"
        }
      },
      "FsSpreadsheet.ExcelIO": {
        "type": "Transitive",
        "resolved": "1.0.1",
        "contentHash": "Ax8DtmzrTX8jH+lqMhEW66BAEGn/aJZlYpmK/2ohsQkwgefpGgYNQ3yEjtMTtZmbhUYRh+Hdu0iFh641f1BWog==",
        "dependencies": {
          "DocumentFormat.OpenXml": "[2.12.3]",
          "FSharp.Core": "6.0.7",
          "FsSpreadsheet": "[1.0.0, 2.0.0)"
        }
      },
      "Graphoscope": {
        "type": "Transitive",
        "resolved": "0.2.0",
        "contentHash": "20mAUZMNyYm2BI2FqPSmcR3Ik/0rYNsRPJExBx6xa24Z6dV/Ow93KKFDaIMPeNRQiqWWXTvAV0MHN1TVPkLUpA==",
        "dependencies": {
          "FSharp.Core": "6.0.7",
          "FSharp.Data": "6.2.0",
          "FSharpAux.Core": "2.0.0",
          "FSharpx.Collections": "3.1.0"
        }
      },
      "ISADotNet": {
        "type": "Transitive",
        "resolved": "0.6.1",
        "contentHash": "1uv4LRgqN1s8fVUMh7Lrlq43ajvOMAjuVvP2lsNDkMVgnjk2z4Jc0HzfZ5PcNvAwX+JyQ+QJQjFsUmurPeQNcg==",
        "dependencies": {
          "FSharp.Core": "6.0.5",
          "FSharp.SystemTextJson": "0.19.13",
          "System.Text.Encodings.Web": "6.0.0",
          "System.Text.Json": "6.0.5"
        }
      },
      "ISADotNet.QueryModel": {
        "type": "Transitive",
        "resolved": "0.6.1",
        "contentHash": "2jfDQzxwRXGzzC4G2OSaOds2mQNpCls8UHwnhe/rhPolc2dLqBOaAly3yZYM1SCI5rrR9xsS/mO3vmAxZo6+yw==",
        "dependencies": {
          "FSharp.Core": "6.0.5",
          "ISADotNet": "0.6.1",
          "Swate.Api": "0.2.0"
        }
      },
      "ISADotNet.XLSX": {
        "type": "Transitive",
        "resolved": "0.6.1",
        "contentHash": "QzkoLomroFJTYODZIsbipIYVhsZSXwwn7WJ01+4uQoJFdqFt4c6k6T0Gkt6bHSzzNHzWoxallVQE7EXSvHz4+Q==",
        "dependencies": {
          "FSharp.Core": "6.0.5",
          "FsSpreadsheet.ExcelIO": "0.1.7",
          "ISADotNet": "0.6.1",
          "ISADotNet.QueryModel": "0.6.1"
        }
      },
      "Mono.Cecil": {
        "type": "Transitive",
        "resolved": "0.11.3",
        "contentHash": "DNYE+io5XfEE8+E+5padThTPHJARJHbz1mhbhMPNrrWGKVKKqj/KEeLvbawAmbIcT73NuxLV7itHZaYCZcVWGg=="
      },
      "Swate.Api": {
        "type": "Transitive",
        "resolved": "0.2.0",
        "contentHash": "cCmxVAQ4b5C2N2qUD+NgV2agOWXNkAh2wuKUH8pWKFKW9zGw0+BvNoTJWK15wiTjZg6rtwnKlshUwB6MXtujwA==",
        "dependencies": {
          "FSharp.Core": "6.0.5-beta.22281.4",
          "FsHttp": "9.1.2"
        }
      },
      "System.Configuration.ConfigurationManager": {
        "type": "Transitive",
        "resolved": "4.4.0",
        "contentHash": "gWwQv/Ug1qWJmHCmN17nAbxJYmQBM/E94QxKLksvUiiKB1Ld3Sc/eK1lgmbSjDFxkQhVuayI/cGFZhpBSodLrg==",
        "dependencies": {
          "System.Security.Cryptography.ProtectedData": "4.4.0"
        }
      },
      "System.IO.Packaging": {
        "type": "Transitive",
        "resolved": "4.7.0",
        "contentHash": "9VV4KAbgRQZ79iEoG40KIeZy38O30oWwewScAST879+oki8g/Wa2HXZQgrhDDxQM4GkP1PnRJll05NMiVPbYAw=="
      },
      "System.Runtime.CompilerServices.Unsafe": {
        "type": "Transitive",
        "resolved": "6.0.0",
        "contentHash": "/iUeP3tq1S0XdNNoMz5C9twLSrM/TH+qElHkXWaPvuNOt+99G75NrV0OS2EqHx5wMN7popYjpc8oTjC1y16DLg=="
      },
      "System.Security.Cryptography.ProtectedData": {
        "type": "Transitive",
        "resolved": "4.4.0",
        "contentHash": "cJV7ScGW7EhatRsjehfvvYVBvtiSMKgN8bOVI0bQhnF5bU7vnHVIsH49Kva7i7GWaWYvmEzkYVk1TC+gZYBEog=="
      },
      "System.Text.Encodings.Web": {
        "type": "Transitive",
        "resolved": "6.0.0",
        "contentHash": "Vg8eB5Tawm1IFqj4TVK1czJX89rhFxJo9ELqc/Eiq0eXy13RK00eubyU6TJE6y+GQXjyV5gSfiewDUZjQgSE0w==",
        "dependencies": {
          "System.Runtime.CompilerServices.Unsafe": "6.0.0"
        }
      },
      "System.Text.Json": {
        "type": "Transitive",
        "resolved": "6.0.5",
        "contentHash": "SSH+YYrMpvLcy7Orzb5K1tSyffnFacWahyxCCjYH1PbSHdAF4dekmIetBurFKgtTHDmwEe/J2Csi/7niRH6d/g==",
        "dependencies": {
          "System.Runtime.CompilerServices.Unsafe": "6.0.0",
          "System.Text.Encodings.Web": "6.0.0"
        }
      },
      "arcvalidation": {
        "type": "Project",
        "dependencies": {
          "ARCTokenization": "[1.0.2, 1.0.2]",
          "ArcGraphModel": "[0.1.0-preview.3, 0.1.0-preview.3]",
          "ArcGraphModel.IO": "[0.1.0-preview.3, 0.1.0-preview.3]",
          "Argu": "[6.1.1, 6.1.1]",
          "Expecto": "[9.0.4, 9.0.4]",
          "FSharp.Core": "[6.0.7, )",
          "FSharpAux": "[1.1.0, 1.1.0]",
          "FSharpSpreadsheetML": "[0.0.8, 0.0.8]",
          "FsOboParser": "[0.3.0, 0.3.0]",
          "FsSpreadsheet": "[1.3.0-preview, 1.3.0-preview]",
          "FsSpreadsheet.ExcelIO": "[1.0.1, 1.0.1]",
          "Graphoscope": "[0.2.0, 0.2.0]",
          "ISADotNet": "[0.6.1, 0.6.1]",
          "ISADotNet.XLSX": "[0.6.1, 0.6.1]"
        }
      }
    }
  }
}